
Microsoft Visual Studio Solution File, Format Version 12.00
# Visual Studio Version 17
VisualStudioVersion = 17.0.31903.59
MinimumVisualStudioVersion = 10.0.40219.1
Project("{FAE04EC0-301F-11D3-BF4B-00C04F79EFBC}") = "Bootcamp.Application", "Bootcamp.Application\Bootcamp.Application.csproj", "{482027CD-14FB-437F-B6F7-411C830BA4E9}"
EndProject
Project("{FAE04EC0-301F-11D3-BF4B-00C04F79EFBC}") = "Bootcamp.Domain", "Bootcamp.Domain\Bootcamp.Domain.csproj", "{853F14D8-BA17-4D22-A72B-4593AEB01848}"
EndProject
Project("{FAE04EC0-301F-11D3-BF4B-00C04F79EFBC}") = "Bootcamp.Infrastructure", "Bootcamp.Infrastructure\Bootcamp.Infrastructure.csproj", "{5F1FE75C-6890-4F6F-A716-AFE1FD893883}"
EndProject
Project("{FAE04EC0-301F-11D3-BF4B-00C04F79EFBC}") = "Bootcamp.WebAPI", "Bootcamp.WebAPI\Bootcamp.WebAPI.csproj", "{C7758942-F784-49EC-9CA3-EAE39CA53F60}"
EndProject
Global
	GlobalSection(SolutionConfigurationPlatforms) = preSolution
		Debug|Any CPU = Debug|Any CPU
		Release|Any CPU = Release|Any CPU
	EndGlobalSection
	GlobalSection(SolutionProperties) = preSolution
		HideSolutionNode = FALSE
	EndGlobalSection
	GlobalSection(ProjectConfigurationPlatforms) = postSolution
		{482027CD-14FB-437F-B6F7-411C830BA4E9}.Debug|Any CPU.ActiveCfg = Debug|Any CPU
		{482027CD-14FB-437F-B6F7-411C830BA4E9}.Debug|Any CPU.Build.0 = Debug|Any CPU
		{482027CD-14FB-437F-B6F7-411C830BA4E9}.Release|Any CPU.ActiveCfg = Release|Any CPU
		{482027CD-14FB-437F-B6F7-411C830BA4E9}.Release|Any CPU.Build.0 = Release|Any CPU
		{853F14D8-BA17-4D22-A72B-4593AEB01848}.Debug|Any CPU.ActiveCfg = Debug|Any CPU
		{853F14D8-BA17-4D22-A72B-4593AEB01848}.Debug|Any CPU.Build.0 = Debug|Any CPU
		{853F14D8-BA17-4D22-A72B-4593AEB01848}.Release|Any CPU.ActiveCfg = Release|Any CPU
		{853F14D8-BA17-4D22-A72B-4593AEB01848}.Release|Any CPU.Build.0 = Release|Any CPU
		{5F1FE75C-6890-4F6F-A716-AFE1FD893883}.Debug|Any CPU.ActiveCfg = Debug|Any CPU
		{5F1FE75C-6890-4F6F-A716-AFE1FD893883}.Debug|Any CPU.Build.0 = Debug|Any CPU
		{5F1FE75C-6890-4F6F-A716-AFE1FD893883}.Release|Any CPU.ActiveCfg = Release|Any CPU
		{5F1FE75C-6890-4F6F-A716-AFE1FD893883}.Release|Any CPU.Build.0 = Release|Any CPU
		{C7758942-F784-49EC-9CA3-EAE39CA53F60}.Debug|Any CPU.ActiveCfg = Debug|Any CPU
		{C7758942-F784-49EC-9CA3-EAE39CA53F60}.Debug|Any CPU.Build.0 = Debug|Any CPU
		{C7758942-F784-49EC-9CA3-EAE39CA53F60}.Release|Any CPU.ActiveCfg = Release|Any CPU
		{C7758942-F784-49EC-9CA3-EAE39CA53F60}.Release|Any CPU.Build.0 = Release|Any CPU
	EndGlobalSection
EndGlobal
